
Microsoft Visual Studio Solution File, Format Version 12.00
# Visual Studio Version 17
VisualStudioVersion = 17.3.32922.545
MinimumVisualStudioVersion = 10.0.40219.1
Project("{2150E333-8FDC-42A3-9474-1A3956D46DE8}") = "Services", "Services", "{2C16F21D-0F14-474F-ABF7-C8C62A027ED0}"
EndProject
Project("{2150E333-8FDC-42A3-9474-1A3956D46DE8}") = "Exercises", "Exercises", "{4B816052-234F-4E56-BD1A-D4DCCD97A20E}"
EndProject
Project("{9A19103F-16F7-4668-BE54-9A1E7A4F7556}") = "Exercises.Api", "Services\Exercises\Exercises.Api\Exercises.Api.csproj", "{275395D7-07C8-4AE2-A9B8-66386105B0C6}"
EndProject
Project("{9A19103F-16F7-4668-BE54-9A1E7A4F7556}") = "Exercises.Infrastructure", "Services\Exercises\Exercises.Infrastructure\Exercises.Infrastructure.csproj", "{FBB63642-C892-4251-9A48-F964876A2F6D}"
EndProject
Project("{E53339B2-1760-4266-BCC7-CA923CBCF16C}") = "docker-compose", "docker-compose.dcproj", "{E66F88DB-F7AF-40D5-AB7A-E1EA8FF27BC7}"
EndProject
Project("{2150E333-8FDC-42A3-9474-1A3956D46DE8}") = "ApiGateways", "ApiGateways", "{5ECCAFD2-105E-4771-9774-3235F9C1B3A7}"
EndProject
Project("{9A19103F-16F7-4668-BE54-9A1E7A4F7556}") = "OcelotApiGw", "ApiGateways\OcelotApiGw\OcelotApiGw.csproj", "{81CF8C3B-643A-4BC2-AFD5-54468B989E3F}"
EndProject
Project("{2150E333-8FDC-42A3-9474-1A3956D46DE8}") = "IdentityServer", "IdentityServer", "{D80BAF7A-A4A4-4709-BB0E-85897D624D2B}"
EndProject
Project("{9A19103F-16F7-4668-BE54-9A1E7A4F7556}") = "IdentityServer.Api", "Services\IdentityServer\IdentityServer.Api\IdentityServer.Api.csproj", "{69EE0977-C523-4E38-8E78-00C98BCA4437}"
EndProject
Project("{2150E333-8FDC-42A3-9474-1A3956D46DE8}") = "Solution Items", "Solution Items", "{8D83594B-AC7E-4F62-87AA-81A575C7DA0C}"
	ProjectSection(SolutionItems) = preProject
		.editorconfig = .editorconfig
	EndProjectSection
EndProject
Project("{9A19103F-16F7-4668-BE54-9A1E7A4F7556}") = "Exercises.Core", "Services\Exercises\Exercises.Core\Exercises.Core.csproj", "{449EA728-E161-47FE-8420-44ED3DF25F4D}"
EndProject
Project("{9A19103F-16F7-4668-BE54-9A1E7A4F7556}") = "Exercises.Domain", "Services\Exercises\Exercises.Domain\Exercises.Domain.csproj", "{6B2355CB-2AAF-4866-BCA9-0133063EEEFE}"
EndProject
Project("{2150E333-8FDC-42A3-9474-1A3956D46DE8}") = "tests", "tests", "{2A5976E7-A35E-44C1-B1B9-593759089FAC}"
EndProject
Project("{9A19103F-16F7-4668-BE54-9A1E7A4F7556}") = "Exercises.UnitTests", "Services\Exercises\tests\Exercises.UnitTests\Exercises.UnitTests.csproj", "{81CBB0CA-E456-4BDF-AE04-77A291F7CFCE}"
EndProject
Project("{9A19103F-16F7-4668-BE54-9A1E7A4F7556}") = "Exercises.FunctionalTests", "Services\Exercises\tests\Exercises.FunctionalTests\Exercises.FunctionalTests.csproj", "{6AB8E462-A79B-4AF7-B10F-F63BFE3CDAE3}"
EndProject
Project("{2150E333-8FDC-42A3-9474-1A3956D46DE8}") = "Workout", "Workout", "{673EB3F3-0804-42A8-99F9-202F5D442C24}"
EndProject
Project("{9A19103F-16F7-4668-BE54-9A1E7A4F7556}") = "Gymate.Aggregator", "ApiGateways\Gymate.Aggregator\Gymate.Aggregator.csproj", "{E2533654-04BD-404A-AEAB-88DBE00E2639}"
EndProject
Project("{2150E333-8FDC-42A3-9474-1A3956D46DE8}") = "BuildingBlocks", "BuildingBlocks", "{14B2A88E-49E4-410E-A052-9C3AC99F468B}"
EndProject
Project("{9A19103F-16F7-4668-BE54-9A1E7A4F7556}") = "EventBus.Messages", "BuildingBlocks\EventBus.Messages\EventBus.Messages.csproj", "{118DEF06-1BA2-49FB-8F7F-0C6CBAA62025}"
EndProject
Project("{9A19103F-16F7-4668-BE54-9A1E7A4F7556}") = "ExceptionHandling", "BuildingBlocks\ExceptionHandling\ExceptionHandling.csproj", "{7BB32DE3-1295-4283-9B82-A4203748E467}"
EndProject
Project("{9A19103F-16F7-4668-BE54-9A1E7A4F7556}") = "Buggy.Api", "BuildingBlocks\Buggy.Api\Buggy.Api.csproj", "{A4483335-A689-4687-ABE0-15882067D04D}"
EndProject
Project("{9A19103F-16F7-4668-BE54-9A1E7A4F7556}") = "Workouts.Api", "Services\Workout\Workouts.Api\Workouts.Api.csproj", "{9CF35F39-D673-45E7-BA61-CC4968598C9C}"
EndProject
Project("{9A19103F-16F7-4668-BE54-9A1E7A4F7556}") = "Workouts.Domain", "Services\Workout\Workouts.Domain\Workouts.Domain.csproj", "{745ECA8C-E889-4CC2-89F8-7783D8DF6D1C}"
EndProject
Project("{9A19103F-16F7-4668-BE54-9A1E7A4F7556}") = "Workouts.Infrastructure", "Services\Workout\Workouts.Infrastructure\Workouts.Infrastructure.csproj", "{8B72D1A9-5A47-4CC6-B190-CBD09A790198}"
EndProject
Project("{FAE04EC0-301F-11D3-BF4B-00C04F79EFBC}") = "Workouts.Application", "Services\Workout\Workouts.Application\Workouts.Application.csproj", "{C9FCE28C-32D5-40BB-BBAA-833BA57E7C95}"
EndProject
Global
	GlobalSection(SolutionConfigurationPlatforms) = preSolution
		Debug|Any CPU = Debug|Any CPU
		Release|Any CPU = Release|Any CPU
	EndGlobalSection
	GlobalSection(ProjectConfigurationPlatforms) = postSolution
		{275395D7-07C8-4AE2-A9B8-66386105B0C6}.Debug|Any CPU.ActiveCfg = Debug|Any CPU
		{275395D7-07C8-4AE2-A9B8-66386105B0C6}.Debug|Any CPU.Build.0 = Debug|Any CPU
		{275395D7-07C8-4AE2-A9B8-66386105B0C6}.Release|Any CPU.ActiveCfg = Release|Any CPU
		{275395D7-07C8-4AE2-A9B8-66386105B0C6}.Release|Any CPU.Build.0 = Release|Any CPU
		{FBB63642-C892-4251-9A48-F964876A2F6D}.Debug|Any CPU.ActiveCfg = Debug|Any CPU
		{FBB63642-C892-4251-9A48-F964876A2F6D}.Debug|Any CPU.Build.0 = Debug|Any CPU
		{FBB63642-C892-4251-9A48-F964876A2F6D}.Release|Any CPU.ActiveCfg = Release|Any CPU
		{FBB63642-C892-4251-9A48-F964876A2F6D}.Release|Any CPU.Build.0 = Release|Any CPU
		{E66F88DB-F7AF-40D5-AB7A-E1EA8FF27BC7}.Debug|Any CPU.ActiveCfg = Debug|Any CPU
		{E66F88DB-F7AF-40D5-AB7A-E1EA8FF27BC7}.Debug|Any CPU.Build.0 = Debug|Any CPU
		{E66F88DB-F7AF-40D5-AB7A-E1EA8FF27BC7}.Release|Any CPU.ActiveCfg = Release|Any CPU
		{E66F88DB-F7AF-40D5-AB7A-E1EA8FF27BC7}.Release|Any CPU.Build.0 = Release|Any CPU
		{81CF8C3B-643A-4BC2-AFD5-54468B989E3F}.Debug|Any CPU.ActiveCfg = Debug|Any CPU
		{81CF8C3B-643A-4BC2-AFD5-54468B989E3F}.Debug|Any CPU.Build.0 = Debug|Any CPU
		{81CF8C3B-643A-4BC2-AFD5-54468B989E3F}.Release|Any CPU.ActiveCfg = Release|Any CPU
		{81CF8C3B-643A-4BC2-AFD5-54468B989E3F}.Release|Any CPU.Build.0 = Release|Any CPU
		{69EE0977-C523-4E38-8E78-00C98BCA4437}.Debug|Any CPU.ActiveCfg = Debug|Any CPU
		{69EE0977-C523-4E38-8E78-00C98BCA4437}.Debug|Any CPU.Build.0 = Debug|Any CPU
		{69EE0977-C523-4E38-8E78-00C98BCA4437}.Release|Any CPU.ActiveCfg = Release|Any CPU
		{69EE0977-C523-4E38-8E78-00C98BCA4437}.Release|Any CPU.Build.0 = Release|Any CPU
		{449EA728-E161-47FE-8420-44ED3DF25F4D}.Debug|Any CPU.ActiveCfg = Debug|Any CPU
		{449EA728-E161-47FE-8420-44ED3DF25F4D}.Debug|Any CPU.Build.0 = Debug|Any CPU
		{449EA728-E161-47FE-8420-44ED3DF25F4D}.Release|Any CPU.ActiveCfg = Release|Any CPU
		{449EA728-E161-47FE-8420-44ED3DF25F4D}.Release|Any CPU.Build.0 = Release|Any CPU
		{6B2355CB-2AAF-4866-BCA9-0133063EEEFE}.Debug|Any CPU.ActiveCfg = Debug|Any CPU
		{6B2355CB-2AAF-4866-BCA9-0133063EEEFE}.Debug|Any CPU.Build.0 = Debug|Any CPU
		{6B2355CB-2AAF-4866-BCA9-0133063EEEFE}.Release|Any CPU.ActiveCfg = Release|Any CPU
		{6B2355CB-2AAF-4866-BCA9-0133063EEEFE}.Release|Any CPU.Build.0 = Release|Any CPU
		{81CBB0CA-E456-4BDF-AE04-77A291F7CFCE}.Debug|Any CPU.ActiveCfg = Debug|Any CPU
		{81CBB0CA-E456-4BDF-AE04-77A291F7CFCE}.Debug|Any CPU.Build.0 = Debug|Any CPU
		{81CBB0CA-E456-4BDF-AE04-77A291F7CFCE}.Release|Any CPU.ActiveCfg = Release|Any CPU
		{81CBB0CA-E456-4BDF-AE04-77A291F7CFCE}.Release|Any CPU.Build.0 = Release|Any CPU
		{6AB8E462-A79B-4AF7-B10F-F63BFE3CDAE3}.Debug|Any CPU.ActiveCfg = Debug|Any CPU
		{6AB8E462-A79B-4AF7-B10F-F63BFE3CDAE3}.Debug|Any CPU.Build.0 = Debug|Any CPU
		{6AB8E462-A79B-4AF7-B10F-F63BFE3CDAE3}.Release|Any CPU.ActiveCfg = Release|Any CPU
		{6AB8E462-A79B-4AF7-B10F-F63BFE3CDAE3}.Release|Any CPU.Build.0 = Release|Any CPU
		{E2533654-04BD-404A-AEAB-88DBE00E2639}.Debug|Any CPU.ActiveCfg = Debug|Any CPU
		{E2533654-04BD-404A-AEAB-88DBE00E2639}.Debug|Any CPU.Build.0 = Debug|Any CPU
		{E2533654-04BD-404A-AEAB-88DBE00E2639}.Release|Any CPU.ActiveCfg = Release|Any CPU
		{E2533654-04BD-404A-AEAB-88DBE00E2639}.Release|Any CPU.Build.0 = Release|Any CPU
		{118DEF06-1BA2-49FB-8F7F-0C6CBAA62025}.Debug|Any CPU.ActiveCfg = Debug|Any CPU
		{118DEF06-1BA2-49FB-8F7F-0C6CBAA62025}.Debug|Any CPU.Build.0 = Debug|Any CPU
		{118DEF06-1BA2-49FB-8F7F-0C6CBAA62025}.Release|Any CPU.ActiveCfg = Release|Any CPU
		{118DEF06-1BA2-49FB-8F7F-0C6CBAA62025}.Release|Any CPU.Build.0 = Release|Any CPU
		{7BB32DE3-1295-4283-9B82-A4203748E467}.Debug|Any CPU.ActiveCfg = Debug|Any CPU
		{7BB32DE3-1295-4283-9B82-A4203748E467}.Debug|Any CPU.Build.0 = Debug|Any CPU
		{7BB32DE3-1295-4283-9B82-A4203748E467}.Release|Any CPU.ActiveCfg = Release|Any CPU
		{7BB32DE3-1295-4283-9B82-A4203748E467}.Release|Any CPU.Build.0 = Release|Any CPU
		{A4483335-A689-4687-ABE0-15882067D04D}.Debug|Any CPU.ActiveCfg = Debug|Any CPU
		{A4483335-A689-4687-ABE0-15882067D04D}.Debug|Any CPU.Build.0 = Debug|Any CPU
		{A4483335-A689-4687-ABE0-15882067D04D}.Release|Any CPU.ActiveCfg = Release|Any CPU
		{A4483335-A689-4687-ABE0-15882067D04D}.Release|Any CPU.Build.0 = Release|Any CPU
		{9CF35F39-D673-45E7-BA61-CC4968598C9C}.Debug|Any CPU.ActiveCfg = Debug|Any CPU
		{9CF35F39-D673-45E7-BA61-CC4968598C9C}.Debug|Any CPU.Build.0 = Debug|Any CPU
		{9CF35F39-D673-45E7-BA61-CC4968598C9C}.Release|Any CPU.ActiveCfg = Release|Any CPU
		{9CF35F39-D673-45E7-BA61-CC4968598C9C}.Release|Any CPU.Build.0 = Release|Any CPU
		{745ECA8C-E889-4CC2-89F8-7783D8DF6D1C}.Debug|Any CPU.ActiveCfg = Debug|Any CPU
		{745ECA8C-E889-4CC2-89F8-7783D8DF6D1C}.Debug|Any CPU.Build.0 = Debug|Any CPU
		{745ECA8C-E889-4CC2-89F8-7783D8DF6D1C}.Release|Any CPU.ActiveCfg = Release|Any CPU
		{745ECA8C-E889-4CC2-89F8-7783D8DF6D1C}.Release|Any CPU.Build.0 = Release|Any CPU
		{8B72D1A9-5A47-4CC6-B190-CBD09A790198}.Debug|Any CPU.ActiveCfg = Debug|Any CPU
		{8B72D1A9-5A47-4CC6-B190-CBD09A790198}.Debug|Any CPU.Build.0 = Debug|Any CPU
		{8B72D1A9-5A47-4CC6-B190-CBD09A790198}.Release|Any CPU.ActiveCfg = Release|Any CPU
		{8B72D1A9-5A47-4CC6-B190-CBD09A790198}.Release|Any CPU.Build.0 = Release|Any CPU
		{C9FCE28C-32D5-40BB-BBAA-833BA57E7C95}.Debug|Any CPU.ActiveCfg = Debug|Any CPU
		{C9FCE28C-32D5-40BB-BBAA-833BA57E7C95}.Debug|Any CPU.Build.0 = Debug|Any CPU
		{C9FCE28C-32D5-40BB-BBAA-833BA57E7C95}.Release|Any CPU.ActiveCfg = Release|Any CPU
		{C9FCE28C-32D5-40BB-BBAA-833BA57E7C95}.Release|Any CPU.Build.0 = Release|Any CPU
	EndGlobalSection
	GlobalSection(SolutionProperties) = preSolution
		HideSolutionNode = FALSE
	EndGlobalSection
	GlobalSection(NestedProjects) = preSolution
		{4B816052-234F-4E56-BD1A-D4DCCD97A20E} = {2C16F21D-0F14-474F-ABF7-C8C62A027ED0}
		{275395D7-07C8-4AE2-A9B8-66386105B0C6} = {4B816052-234F-4E56-BD1A-D4DCCD97A20E}
		{FBB63642-C892-4251-9A48-F964876A2F6D} = {4B816052-234F-4E56-BD1A-D4DCCD97A20E}
		{81CF8C3B-643A-4BC2-AFD5-54468B989E3F} = {5ECCAFD2-105E-4771-9774-3235F9C1B3A7}
		{D80BAF7A-A4A4-4709-BB0E-85897D624D2B} = {2C16F21D-0F14-474F-ABF7-C8C62A027ED0}
		{69EE0977-C523-4E38-8E78-00C98BCA4437} = {D80BAF7A-A4A4-4709-BB0E-85897D624D2B}
		{449EA728-E161-47FE-8420-44ED3DF25F4D} = {4B816052-234F-4E56-BD1A-D4DCCD97A20E}
		{6B2355CB-2AAF-4866-BCA9-0133063EEEFE} = {4B816052-234F-4E56-BD1A-D4DCCD97A20E}
		{2A5976E7-A35E-44C1-B1B9-593759089FAC} = {4B816052-234F-4E56-BD1A-D4DCCD97A20E}
		{81CBB0CA-E456-4BDF-AE04-77A291F7CFCE} = {2A5976E7-A35E-44C1-B1B9-593759089FAC}
		{6AB8E462-A79B-4AF7-B10F-F63BFE3CDAE3} = {2A5976E7-A35E-44C1-B1B9-593759089FAC}
		{673EB3F3-0804-42A8-99F9-202F5D442C24} = {2C16F21D-0F14-474F-ABF7-C8C62A027ED0}
		{E2533654-04BD-404A-AEAB-88DBE00E2639} = {5ECCAFD2-105E-4771-9774-3235F9C1B3A7}
		{118DEF06-1BA2-49FB-8F7F-0C6CBAA62025} = {14B2A88E-49E4-410E-A052-9C3AC99F468B}
		{7BB32DE3-1295-4283-9B82-A4203748E467} = {14B2A88E-49E4-410E-A052-9C3AC99F468B}
		{A4483335-A689-4687-ABE0-15882067D04D} = {14B2A88E-49E4-410E-A052-9C3AC99F468B}
		{9CF35F39-D673-45E7-BA61-CC4968598C9C} = {673EB3F3-0804-42A8-99F9-202F5D442C24}
		{745ECA8C-E889-4CC2-89F8-7783D8DF6D1C} = {673EB3F3-0804-42A8-99F9-202F5D442C24}
		{8B72D1A9-5A47-4CC6-B190-CBD09A790198} = {673EB3F3-0804-42A8-99F9-202F5D442C24}
		{C9FCE28C-32D5-40BB-BBAA-833BA57E7C95} = {673EB3F3-0804-42A8-99F9-202F5D442C24}
	EndGlobalSection
	GlobalSection(ExtensibilityGlobals) = postSolution
		SolutionGuid = {9E43613F-9B48-488A-9C48-FBEA17B63E27}
	EndGlobalSection
EndGlobal
