
Microsoft Visual Studio Solution File, Format Version 12.00
# Visual Studio Version 17
VisualStudioVersion = 17.0.31903.59
MinimumVisualStudioVersion = 10.0.40219.1
Project("{9A19103F-16F7-4668-BE54-9A1E7A4F7556}") = "Gymate.Aggregator", "Gymate.Aggregator\Gymate.Aggregator.csproj", "{47D74139-FFE0-4E4D-88F8-A9565CE29F98}"
EndProject
Project("{9A19103F-16F7-4668-BE54-9A1E7A4F7556}") = "OcelotApiGw", "OcelotApiGw\OcelotApiGw.csproj", "{0646CAB4-E0B0-4360-8B86-3C761594B176}"
EndProject
Global
	GlobalSection(SolutionConfigurationPlatforms) = preSolution
		Debug|Any CPU = Debug|Any CPU
		Release|Any CPU = Release|Any CPU
	EndGlobalSection
	GlobalSection(ProjectConfigurationPlatforms) = postSolution
		{47D74139-FFE0-4E4D-88F8-A9565CE29F98}.Debug|Any CPU.ActiveCfg = Debug|Any CPU
		{47D74139-FFE0-4E4D-88F8-A9565CE29F98}.Debug|Any CPU.Build.0 = Debug|Any CPU
		{47D74139-FFE0-4E4D-88F8-A9565CE29F98}.Release|Any CPU.ActiveCfg = Release|Any CPU
		{47D74139-FFE0-4E4D-88F8-A9565CE29F98}.Release|Any CPU.Build.0 = Release|Any CPU
		{0646CAB4-E0B0-4360-8B86-3C761594B176}.Debug|Any CPU.ActiveCfg = Debug|Any CPU
		{0646CAB4-E0B0-4360-8B86-3C761594B176}.Debug|Any CPU.Build.0 = Debug|Any CPU
		{0646CAB4-E0B0-4360-8B86-3C761594B176}.Release|Any CPU.ActiveCfg = Release|Any CPU
		{0646CAB4-E0B0-4360-8B86-3C761594B176}.Release|Any CPU.Build.0 = Release|Any CPU
	EndGlobalSection
	GlobalSection(SolutionProperties) = preSolution
		HideSolutionNode = FALSE
	EndGlobalSection
	GlobalSection(ExtensibilityGlobals) = postSolution
		SolutionGuid = {448A2D2D-DBF2-4A99-8AD4-05A400B80753}
	EndGlobalSection
EndGlobal
