
Microsoft Visual Studio Solution File, Format Version 12.00
# Visual Studio Version 17
VisualStudioVersion = 17.0.31903.59
MinimumVisualStudioVersion = 10.0.40219.1
Project("{9A19103F-16F7-4668-BE54-9A1E7A4F7556}") = "Workout.Api", "Workout.Api\Workout.Api.csproj", "{AA4E0837-B14E-49E4-B96E-EB9C0EA18AC8}"
EndProject
Global
	GlobalSection(SolutionConfigurationPlatforms) = preSolution
		Debug|Any CPU = Debug|Any CPU
		Release|Any CPU = Release|Any CPU
	EndGlobalSection
	GlobalSection(ProjectConfigurationPlatforms) = postSolution
		{AA4E0837-B14E-49E4-B96E-EB9C0EA18AC8}.Debug|Any CPU.ActiveCfg = Debug|Any CPU
		{AA4E0837-B14E-49E4-B96E-EB9C0EA18AC8}.Debug|Any CPU.Build.0 = Debug|Any CPU
		{AA4E0837-B14E-49E4-B96E-EB9C0EA18AC8}.Release|Any CPU.ActiveCfg = Release|Any CPU
		{AA4E0837-B14E-49E4-B96E-EB9C0EA18AC8}.Release|Any CPU.Build.0 = Release|Any CPU
	EndGlobalSection
	GlobalSection(SolutionProperties) = preSolution
		HideSolutionNode = FALSE
	EndGlobalSection
	GlobalSection(ExtensibilityGlobals) = postSolution
		SolutionGuid = {7C3B0EAC-1219-4179-B8AF-499097AF728C}
	EndGlobalSection
EndGlobal
